
Microsoft Visual Studio Solution File, Format Version 12.00
# Visual Studio 15
VisualStudioVersion = 15.0.28307.1000
MinimumVisualStudioVersion = 10.0.40219.1
Project("{FAE04EC0-301F-11D3-BF4B-00C04F79EFBC}") = "Penguin File Monitoring App", "Penguin File Monitoring App\Penguin File Monitoring App.csproj", "{CA2002DD-669F-49E1-AB75-AF17A765C569}"
EndProject
Global
	GlobalSection(SolutionConfigurationPlatforms) = preSolution
		Debug|Any CPU = Debug|Any CPU
		Release|Any CPU = Release|Any CPU
	EndGlobalSection
	GlobalSection(ProjectConfigurationPlatforms) = postSolution
		{CA2002DD-669F-49E1-AB75-AF17A765C569}.Debug|Any CPU.ActiveCfg = Debug|Any CPU
		{CA2002DD-669F-49E1-AB75-AF17A765C569}.Debug|Any CPU.Build.0 = Debug|Any CPU
		{CA2002DD-669F-49E1-AB75-AF17A765C569}.Release|Any CPU.ActiveCfg = Release|Any CPU
		{CA2002DD-669F-49E1-AB75-AF17A765C569}.Release|Any CPU.Build.0 = Release|Any CPU
	EndGlobalSection
	GlobalSection(SolutionProperties) = preSolution
		HideSolutionNode = FALSE
	EndGlobalSection
	GlobalSection(ExtensibilityGlobals) = postSolution
		SolutionGuid = {30C5705C-29A2-46DC-902E-B61D59D9883A}
	EndGlobalSection
EndGlobal
